
Microsoft Visual Studio Solution File, Format Version 12.00
# Visual Studio 14
VisualStudioVersion = 14.0.22823.1
MinimumVisualStudioVersion = 10.0.40219.1
Project("{FAE04EC0-301F-11D3-BF4B-00C04F79EFBC}") = "Dsl", "Dsl\Dsl.csproj", "{BD64C6D8-C7CE-49EC-B56E-845AA6DD3B8B}"
EndProject
Project("{FAE04EC0-301F-11D3-BF4B-00C04F79EFBC}") = "DslPackage", "DslPackage\DslPackage.csproj", "{79260A47-C58D-42C3-BBBC-3B4C3936A1A0}"
EndProject
Global
	GlobalSection(SolutionConfigurationPlatforms) = preSolution
		Debug|Any CPU = Debug|Any CPU
		Release|Any CPU = Release|Any CPU
	EndGlobalSection
	GlobalSection(ProjectConfigurationPlatforms) = postSolution
		{BD64C6D8-C7CE-49EC-B56E-845AA6DD3B8B}.Debug|Any CPU.ActiveCfg = Debug|Any CPU
		{BD64C6D8-C7CE-49EC-B56E-845AA6DD3B8B}.Debug|Any CPU.Build.0 = Debug|Any CPU
		{BD64C6D8-C7CE-49EC-B56E-845AA6DD3B8B}.Release|Any CPU.ActiveCfg = Release|Any CPU
		{BD64C6D8-C7CE-49EC-B56E-845AA6DD3B8B}.Release|Any CPU.Build.0 = Release|Any CPU
		{79260A47-C58D-42C3-BBBC-3B4C3936A1A0}.Debug|Any CPU.ActiveCfg = Debug|Any CPU
		{79260A47-C58D-42C3-BBBC-3B4C3936A1A0}.Debug|Any CPU.Build.0 = Debug|Any CPU
		{79260A47-C58D-42C3-BBBC-3B4C3936A1A0}.Release|Any CPU.ActiveCfg = Release|Any CPU
		{79260A47-C58D-42C3-BBBC-3B4C3936A1A0}.Release|Any CPU.Build.0 = Release|Any CPU
	EndGlobalSection
	GlobalSection(SolutionProperties) = preSolution
		HideSolutionNode = FALSE
	EndGlobalSection
EndGlobal
